
Microsoft Visual Studio Solution File, Format Version 12.00
# Visual Studio Version 17
VisualStudioVersion = 17.1.32319.34
MinimumVisualStudioVersion = 10.0.40219.1
Project("{9A19103F-16F7-4668-BE54-9A1E7A4F7556}") = "EXO_01", "EXO_01\EXO_01\EXO_01.csproj", "{7098A9F3-9355-4BCD-87C4-54730C626A5C}"
EndProject
Project("{FAE04EC0-301F-11D3-BF4B-00C04F79EFBC}") = "EXO_01.Android", "EXO_01\EXO_01.Android\EXO_01.Android.csproj", "{BB490063-2D3A-4FBB-9A89-54E0BE500A0C}"
EndProject
Project("{9A19103F-16F7-4668-BE54-9A1E7A4F7556}") = "FirstAppTodoList", "EXO_01_David\FirstAppTodoList\FirstAppTodoList.csproj", "{6D3E00F7-E6C3-4F99-A412-51939BFBE06D}"
EndProject
Project("{FAE04EC0-301F-11D3-BF4B-00C04F79EFBC}") = "FirstAppTodoList.Android", "EXO_01_David\FirstAppTodoList.Android\FirstAppTodoList.Android.csproj", "{0D232AC3-7C41-4F7D-82B5-346343A6475F}"
EndProject
Project("{9A19103F-16F7-4668-BE54-9A1E7A4F7556}") = "TP01", "TP01\TP01\TP01.csproj", "{7FD03F13-50B0-41CC-A295-62380A3C887E}"
EndProject
Project("{FAE04EC0-301F-11D3-BF4B-00C04F79EFBC}") = "TP01.Android", "TP01\TP01.Android\TP01.Android.csproj", "{A07D1782-50D3-4B24-BFC3-FE9CE2A5ACFC}"
EndProject
Global
	GlobalSection(SolutionConfigurationPlatforms) = preSolution
		Debug|Any CPU = Debug|Any CPU
		Release|Any CPU = Release|Any CPU
	EndGlobalSection
	GlobalSection(ProjectConfigurationPlatforms) = postSolution
		{7098A9F3-9355-4BCD-87C4-54730C626A5C}.Debug|Any CPU.ActiveCfg = Debug|Any CPU
		{7098A9F3-9355-4BCD-87C4-54730C626A5C}.Debug|Any CPU.Build.0 = Debug|Any CPU
		{7098A9F3-9355-4BCD-87C4-54730C626A5C}.Release|Any CPU.ActiveCfg = Release|Any CPU
		{7098A9F3-9355-4BCD-87C4-54730C626A5C}.Release|Any CPU.Build.0 = Release|Any CPU
		{BB490063-2D3A-4FBB-9A89-54E0BE500A0C}.Debug|Any CPU.ActiveCfg = Debug|Any CPU
		{BB490063-2D3A-4FBB-9A89-54E0BE500A0C}.Debug|Any CPU.Build.0 = Debug|Any CPU
		{BB490063-2D3A-4FBB-9A89-54E0BE500A0C}.Debug|Any CPU.Deploy.0 = Debug|Any CPU
		{BB490063-2D3A-4FBB-9A89-54E0BE500A0C}.Release|Any CPU.ActiveCfg = Release|Any CPU
		{BB490063-2D3A-4FBB-9A89-54E0BE500A0C}.Release|Any CPU.Build.0 = Release|Any CPU
		{BB490063-2D3A-4FBB-9A89-54E0BE500A0C}.Release|Any CPU.Deploy.0 = Release|Any CPU
		{6D3E00F7-E6C3-4F99-A412-51939BFBE06D}.Debug|Any CPU.ActiveCfg = Debug|Any CPU
		{6D3E00F7-E6C3-4F99-A412-51939BFBE06D}.Debug|Any CPU.Build.0 = Debug|Any CPU
		{6D3E00F7-E6C3-4F99-A412-51939BFBE06D}.Release|Any CPU.ActiveCfg = Release|Any CPU
		{6D3E00F7-E6C3-4F99-A412-51939BFBE06D}.Release|Any CPU.Build.0 = Release|Any CPU
		{0D232AC3-7C41-4F7D-82B5-346343A6475F}.Debug|Any CPU.ActiveCfg = Debug|Any CPU
		{0D232AC3-7C41-4F7D-82B5-346343A6475F}.Debug|Any CPU.Build.0 = Debug|Any CPU
		{0D232AC3-7C41-4F7D-82B5-346343A6475F}.Debug|Any CPU.Deploy.0 = Debug|Any CPU
		{0D232AC3-7C41-4F7D-82B5-346343A6475F}.Release|Any CPU.ActiveCfg = Release|Any CPU
		{0D232AC3-7C41-4F7D-82B5-346343A6475F}.Release|Any CPU.Build.0 = Release|Any CPU
		{0D232AC3-7C41-4F7D-82B5-346343A6475F}.Release|Any CPU.Deploy.0 = Release|Any CPU
		{7FD03F13-50B0-41CC-A295-62380A3C887E}.Debug|Any CPU.ActiveCfg = Debug|Any CPU
		{7FD03F13-50B0-41CC-A295-62380A3C887E}.Debug|Any CPU.Build.0 = Debug|Any CPU
		{7FD03F13-50B0-41CC-A295-62380A3C887E}.Release|Any CPU.ActiveCfg = Release|Any CPU
		{7FD03F13-50B0-41CC-A295-62380A3C887E}.Release|Any CPU.Build.0 = Release|Any CPU
		{A07D1782-50D3-4B24-BFC3-FE9CE2A5ACFC}.Debug|Any CPU.ActiveCfg = Debug|Any CPU
		{A07D1782-50D3-4B24-BFC3-FE9CE2A5ACFC}.Debug|Any CPU.Build.0 = Debug|Any CPU
		{A07D1782-50D3-4B24-BFC3-FE9CE2A5ACFC}.Debug|Any CPU.Deploy.0 = Debug|Any CPU
		{A07D1782-50D3-4B24-BFC3-FE9CE2A5ACFC}.Release|Any CPU.ActiveCfg = Release|Any CPU
		{A07D1782-50D3-4B24-BFC3-FE9CE2A5ACFC}.Release|Any CPU.Build.0 = Release|Any CPU
		{A07D1782-50D3-4B24-BFC3-FE9CE2A5ACFC}.Release|Any CPU.Deploy.0 = Release|Any CPU
	EndGlobalSection
	GlobalSection(SolutionProperties) = preSolution
		HideSolutionNode = FALSE
	EndGlobalSection
	GlobalSection(ExtensibilityGlobals) = postSolution
		SolutionGuid = {F97D1A23-63C8-4437-8B7C-FDCFC820C434}
	EndGlobalSection
EndGlobal
