
Microsoft Visual Studio Solution File, Format Version 12.00
# Visual Studio Version 17
VisualStudioVersion = 17.1.32228.430
MinimumVisualStudioVersion = 10.0.40219.1
Project("{9A19103F-16F7-4668-BE54-9A1E7A4F7556}") = "EXO_01", "EXO_01\EXO_01\EXO_01.csproj", "{0AF1D891-EFE3-4E47-9A6D-3B8A85ECF35B}"
EndProject
Project("{FAE04EC0-301F-11D3-BF4B-00C04F79EFBC}") = "EXO_01.Android", "EXO_01\EXO_01.Android\EXO_01.Android.csproj", "{BB490063-2D3A-4FBB-9A89-54E0BE500A0C}"
EndProject
Project("{9A19103F-16F7-4668-BE54-9A1E7A4F7556}") = "EXO_03", "EXO_03\EXO_03\EXO_03.csproj", "{7836A45B-6E8E-45EB-AA31-43C070D6E633}"
EndProject
Project("{FAE04EC0-301F-11D3-BF4B-00C04F79EFBC}") = "EXO_03.Android", "EXO_03\EXO_03.Android\EXO_03.Android.csproj", "{5D7CCC10-813F-491F-836A-8E6215AAA8D3}"
EndProject
Project("{9A19103F-16F7-4668-BE54-9A1E7A4F7556}") = "EXO_04", "EXO_04\EXO_04\EXO_04.csproj", "{E0C6D70A-CC1D-43DC-B33D-7305F4863B4D}"
EndProject
Project("{FAE04EC0-301F-11D3-BF4B-00C04F79EFBC}") = "EXO_04.Android", "EXO_04\EXO_04.Android\EXO_04.Android.csproj", "{4DEA20F1-4B0B-433B-AC04-775EDF7C30EA}"
EndProject
Project("{9A19103F-16F7-4668-BE54-9A1E7A4F7556}") = "TP01", "TP01\TP01\TP01.csproj", "{05891D7D-8EB2-4916-A163-1B5FA49B6FFF}"
EndProject
Project("{FAE04EC0-301F-11D3-BF4B-00C04F79EFBC}") = "TP01.Android", "TP01\TP01.Android\TP01.Android.csproj", "{A07D1782-50D3-4B24-BFC3-FE9CE2A5ACFC}"
EndProject
Project("{9A19103F-16F7-4668-BE54-9A1E7A4F7556}") = "TP03", "TP03\TP03\TP03.csproj", "{41AC4096-B44D-4D9A-B7B7-BF9D4EA5FF9F}"
EndProject
Project("{FAE04EC0-301F-11D3-BF4B-00C04F79EFBC}") = "TP03.Android", "TP03\TP03.Android\TP03.Android.csproj", "{A7C281C3-7505-49E4-9FE1-6FDC059C4A1F}"
EndProject
Global
	GlobalSection(SolutionConfigurationPlatforms) = preSolution
		Debug|Any CPU = Debug|Any CPU
		Release|Any CPU = Release|Any CPU
	EndGlobalSection
	GlobalSection(ProjectConfigurationPlatforms) = postSolution
		{0AF1D891-EFE3-4E47-9A6D-3B8A85ECF35B}.Debug|Any CPU.ActiveCfg = Debug|Any CPU
		{0AF1D891-EFE3-4E47-9A6D-3B8A85ECF35B}.Debug|Any CPU.Build.0 = Debug|Any CPU
		{0AF1D891-EFE3-4E47-9A6D-3B8A85ECF35B}.Release|Any CPU.ActiveCfg = Release|Any CPU
		{0AF1D891-EFE3-4E47-9A6D-3B8A85ECF35B}.Release|Any CPU.Build.0 = Release|Any CPU
		{BB490063-2D3A-4FBB-9A89-54E0BE500A0C}.Debug|Any CPU.ActiveCfg = Debug|Any CPU
		{BB490063-2D3A-4FBB-9A89-54E0BE500A0C}.Debug|Any CPU.Build.0 = Debug|Any CPU
		{BB490063-2D3A-4FBB-9A89-54E0BE500A0C}.Debug|Any CPU.Deploy.0 = Debug|Any CPU
		{BB490063-2D3A-4FBB-9A89-54E0BE500A0C}.Release|Any CPU.ActiveCfg = Release|Any CPU
		{BB490063-2D3A-4FBB-9A89-54E0BE500A0C}.Release|Any CPU.Build.0 = Release|Any CPU
		{BB490063-2D3A-4FBB-9A89-54E0BE500A0C}.Release|Any CPU.Deploy.0 = Release|Any CPU
		{7836A45B-6E8E-45EB-AA31-43C070D6E633}.Debug|Any CPU.ActiveCfg = Debug|Any CPU
		{7836A45B-6E8E-45EB-AA31-43C070D6E633}.Debug|Any CPU.Build.0 = Debug|Any CPU
		{7836A45B-6E8E-45EB-AA31-43C070D6E633}.Release|Any CPU.ActiveCfg = Release|Any CPU
		{7836A45B-6E8E-45EB-AA31-43C070D6E633}.Release|Any CPU.Build.0 = Release|Any CPU
		{5D7CCC10-813F-491F-836A-8E6215AAA8D3}.Debug|Any CPU.ActiveCfg = Debug|Any CPU
		{5D7CCC10-813F-491F-836A-8E6215AAA8D3}.Debug|Any CPU.Build.0 = Debug|Any CPU
		{5D7CCC10-813F-491F-836A-8E6215AAA8D3}.Debug|Any CPU.Deploy.0 = Debug|Any CPU
		{5D7CCC10-813F-491F-836A-8E6215AAA8D3}.Release|Any CPU.ActiveCfg = Release|Any CPU
		{5D7CCC10-813F-491F-836A-8E6215AAA8D3}.Release|Any CPU.Build.0 = Release|Any CPU
		{5D7CCC10-813F-491F-836A-8E6215AAA8D3}.Release|Any CPU.Deploy.0 = Release|Any CPU
		{E0C6D70A-CC1D-43DC-B33D-7305F4863B4D}.Debug|Any CPU.ActiveCfg = Debug|Any CPU
		{E0C6D70A-CC1D-43DC-B33D-7305F4863B4D}.Debug|Any CPU.Build.0 = Debug|Any CPU
		{E0C6D70A-CC1D-43DC-B33D-7305F4863B4D}.Release|Any CPU.ActiveCfg = Release|Any CPU
		{E0C6D70A-CC1D-43DC-B33D-7305F4863B4D}.Release|Any CPU.Build.0 = Release|Any CPU
		{4DEA20F1-4B0B-433B-AC04-775EDF7C30EA}.Debug|Any CPU.ActiveCfg = Debug|Any CPU
		{4DEA20F1-4B0B-433B-AC04-775EDF7C30EA}.Debug|Any CPU.Build.0 = Debug|Any CPU
		{4DEA20F1-4B0B-433B-AC04-775EDF7C30EA}.Debug|Any CPU.Deploy.0 = Debug|Any CPU
		{4DEA20F1-4B0B-433B-AC04-775EDF7C30EA}.Release|Any CPU.ActiveCfg = Release|Any CPU
		{4DEA20F1-4B0B-433B-AC04-775EDF7C30EA}.Release|Any CPU.Build.0 = Release|Any CPU
		{4DEA20F1-4B0B-433B-AC04-775EDF7C30EA}.Release|Any CPU.Deploy.0 = Release|Any CPU
		{05891D7D-8EB2-4916-A163-1B5FA49B6FFF}.Debug|Any CPU.ActiveCfg = Debug|Any CPU
		{05891D7D-8EB2-4916-A163-1B5FA49B6FFF}.Debug|Any CPU.Build.0 = Debug|Any CPU
		{05891D7D-8EB2-4916-A163-1B5FA49B6FFF}.Release|Any CPU.ActiveCfg = Release|Any CPU
		{05891D7D-8EB2-4916-A163-1B5FA49B6FFF}.Release|Any CPU.Build.0 = Release|Any CPU
		{A07D1782-50D3-4B24-BFC3-FE9CE2A5ACFC}.Debug|Any CPU.ActiveCfg = Debug|Any CPU
		{A07D1782-50D3-4B24-BFC3-FE9CE2A5ACFC}.Debug|Any CPU.Build.0 = Debug|Any CPU
		{A07D1782-50D3-4B24-BFC3-FE9CE2A5ACFC}.Debug|Any CPU.Deploy.0 = Debug|Any CPU
		{A07D1782-50D3-4B24-BFC3-FE9CE2A5ACFC}.Release|Any CPU.ActiveCfg = Release|Any CPU
		{A07D1782-50D3-4B24-BFC3-FE9CE2A5ACFC}.Release|Any CPU.Build.0 = Release|Any CPU
		{A07D1782-50D3-4B24-BFC3-FE9CE2A5ACFC}.Release|Any CPU.Deploy.0 = Release|Any CPU
		{41AC4096-B44D-4D9A-B7B7-BF9D4EA5FF9F}.Debug|Any CPU.ActiveCfg = Debug|Any CPU
		{41AC4096-B44D-4D9A-B7B7-BF9D4EA5FF9F}.Debug|Any CPU.Build.0 = Debug|Any CPU
		{41AC4096-B44D-4D9A-B7B7-BF9D4EA5FF9F}.Release|Any CPU.ActiveCfg = Release|Any CPU
		{41AC4096-B44D-4D9A-B7B7-BF9D4EA5FF9F}.Release|Any CPU.Build.0 = Release|Any CPU
		{A7C281C3-7505-49E4-9FE1-6FDC059C4A1F}.Debug|Any CPU.ActiveCfg = Debug|Any CPU
		{A7C281C3-7505-49E4-9FE1-6FDC059C4A1F}.Debug|Any CPU.Build.0 = Debug|Any CPU
		{A7C281C3-7505-49E4-9FE1-6FDC059C4A1F}.Debug|Any CPU.Deploy.0 = Debug|Any CPU
		{A7C281C3-7505-49E4-9FE1-6FDC059C4A1F}.Release|Any CPU.ActiveCfg = Release|Any CPU
		{A7C281C3-7505-49E4-9FE1-6FDC059C4A1F}.Release|Any CPU.Build.0 = Release|Any CPU
		{A7C281C3-7505-49E4-9FE1-6FDC059C4A1F}.Release|Any CPU.Deploy.0 = Release|Any CPU
	EndGlobalSection
	GlobalSection(SolutionProperties) = preSolution
		HideSolutionNode = FALSE
	EndGlobalSection
	GlobalSection(ExtensibilityGlobals) = postSolution
		SolutionGuid = {848F7E28-2BAB-49D1-A6FF-7B55777AA74F}
	EndGlobalSection
EndGlobal
