
Microsoft Visual Studio Solution File, Format Version 12.00
# Visual Studio Version 17
VisualStudioVersion = 17.1.32319.34
MinimumVisualStudioVersion = 10.0.40219.1
Project("{9A19103F-16F7-4668-BE54-9A1E7A4F7556}") = "EX01_Classes", "EX01_Classes\EX01_Classes.csproj", "{FFB3E0C3-229F-459B-A519-7F99531101F9}"
EndProject
Project("{9A19103F-16F7-4668-BE54-9A1E7A4F7556}") = "EX01_NUnitTest", "EX01_NUnitTest\EX01_NUnitTest.csproj", "{B96F465B-52E7-422F-AE1E-B506A4D9248D}"
EndProject
Project("{9A19103F-16F7-4668-BE54-9A1E7A4F7556}") = "EX02_Classes", "EX02_Classes\EX02_Classes.csproj", "{B6B6F37D-7DC3-4A06-BAD2-926584B495D0}"
EndProject
Project("{9A19103F-16F7-4668-BE54-9A1E7A4F7556}") = "EX02_NUnitTest", "EX02_NUnitTest\EX02_NUnitTest.csproj", "{8BB7FB23-A71C-42DC-A7A5-3FB9C57ED6F9}"
EndProject
Project("{9A19103F-16F7-4668-BE54-9A1E7A4F7556}") = "EX03_Classes", "EX03_Classes\EX03_Classes.csproj", "{23C90E64-75BA-443D-8858-C1B1D9A0EBEE}"
EndProject
Project("{9A19103F-16F7-4668-BE54-9A1E7A4F7556}") = "EX03_NunitTests", "EX03_NunitTests\EX03_NunitTests.csproj", "{86F4B342-9737-4393-82A0-EFCB2596AAA2}"
EndProject
Global
	GlobalSection(SolutionConfigurationPlatforms) = preSolution
		Debug|Any CPU = Debug|Any CPU
		Release|Any CPU = Release|Any CPU
	EndGlobalSection
	GlobalSection(ProjectConfigurationPlatforms) = postSolution
		{FFB3E0C3-229F-459B-A519-7F99531101F9}.Debug|Any CPU.ActiveCfg = Debug|Any CPU
		{FFB3E0C3-229F-459B-A519-7F99531101F9}.Debug|Any CPU.Build.0 = Debug|Any CPU
		{FFB3E0C3-229F-459B-A519-7F99531101F9}.Release|Any CPU.ActiveCfg = Release|Any CPU
		{FFB3E0C3-229F-459B-A519-7F99531101F9}.Release|Any CPU.Build.0 = Release|Any CPU
		{B96F465B-52E7-422F-AE1E-B506A4D9248D}.Debug|Any CPU.ActiveCfg = Debug|Any CPU
		{B96F465B-52E7-422F-AE1E-B506A4D9248D}.Debug|Any CPU.Build.0 = Debug|Any CPU
		{B96F465B-52E7-422F-AE1E-B506A4D9248D}.Release|Any CPU.ActiveCfg = Release|Any CPU
		{B96F465B-52E7-422F-AE1E-B506A4D9248D}.Release|Any CPU.Build.0 = Release|Any CPU
		{B6B6F37D-7DC3-4A06-BAD2-926584B495D0}.Debug|Any CPU.ActiveCfg = Debug|Any CPU
		{B6B6F37D-7DC3-4A06-BAD2-926584B495D0}.Debug|Any CPU.Build.0 = Debug|Any CPU
		{B6B6F37D-7DC3-4A06-BAD2-926584B495D0}.Release|Any CPU.ActiveCfg = Release|Any CPU
		{B6B6F37D-7DC3-4A06-BAD2-926584B495D0}.Release|Any CPU.Build.0 = Release|Any CPU
		{8BB7FB23-A71C-42DC-A7A5-3FB9C57ED6F9}.Debug|Any CPU.ActiveCfg = Debug|Any CPU
		{8BB7FB23-A71C-42DC-A7A5-3FB9C57ED6F9}.Debug|Any CPU.Build.0 = Debug|Any CPU
		{8BB7FB23-A71C-42DC-A7A5-3FB9C57ED6F9}.Release|Any CPU.ActiveCfg = Release|Any CPU
		{8BB7FB23-A71C-42DC-A7A5-3FB9C57ED6F9}.Release|Any CPU.Build.0 = Release|Any CPU
		{23C90E64-75BA-443D-8858-C1B1D9A0EBEE}.Debug|Any CPU.ActiveCfg = Debug|Any CPU
		{23C90E64-75BA-443D-8858-C1B1D9A0EBEE}.Debug|Any CPU.Build.0 = Debug|Any CPU
		{23C90E64-75BA-443D-8858-C1B1D9A0EBEE}.Release|Any CPU.ActiveCfg = Release|Any CPU
		{23C90E64-75BA-443D-8858-C1B1D9A0EBEE}.Release|Any CPU.Build.0 = Release|Any CPU
		{86F4B342-9737-4393-82A0-EFCB2596AAA2}.Debug|Any CPU.ActiveCfg = Debug|Any CPU
		{86F4B342-9737-4393-82A0-EFCB2596AAA2}.Debug|Any CPU.Build.0 = Debug|Any CPU
		{86F4B342-9737-4393-82A0-EFCB2596AAA2}.Release|Any CPU.ActiveCfg = Release|Any CPU
		{86F4B342-9737-4393-82A0-EFCB2596AAA2}.Release|Any CPU.Build.0 = Release|Any CPU
	EndGlobalSection
	GlobalSection(SolutionProperties) = preSolution
		HideSolutionNode = FALSE
	EndGlobalSection
	GlobalSection(ExtensibilityGlobals) = postSolution
		SolutionGuid = {931DFEF3-49B1-48CD-BBB9-3D553BFB0952}
	EndGlobalSection
EndGlobal
