
Microsoft Visual Studio Solution File, Format Version 12.00
# Visual Studio Version 17
VisualStudioVersion = 17.0.32112.339
MinimumVisualStudioVersion = 10.0.40219.1
Project("{9A19103F-16F7-4668-BE54-9A1E7A4F7556}") = "TP01", "TP01\TP01.csproj", "{1781BF1E-DF55-46B8-BE3E-FF995D76329F}"
EndProject
Project("{9A19103F-16F7-4668-BE54-9A1E7A4F7556}") = "TP01b", "TP01b\TP01b.csproj", "{CCA5958A-39CF-453A-A06B-A0B8D7E251A9}"
EndProject
Project("{9A19103F-16F7-4668-BE54-9A1E7A4F7556}") = "TP02", "TP02\TP02.csproj", "{99F32314-B41B-4817-BB3E-1C6684DF1929}"
EndProject
Global
	GlobalSection(SolutionConfigurationPlatforms) = preSolution
		Debug|Any CPU = Debug|Any CPU
		Release|Any CPU = Release|Any CPU
	EndGlobalSection
	GlobalSection(ProjectConfigurationPlatforms) = postSolution
		{1781BF1E-DF55-46B8-BE3E-FF995D76329F}.Debug|Any CPU.ActiveCfg = Debug|Any CPU
		{1781BF1E-DF55-46B8-BE3E-FF995D76329F}.Debug|Any CPU.Build.0 = Debug|Any CPU
		{1781BF1E-DF55-46B8-BE3E-FF995D76329F}.Release|Any CPU.ActiveCfg = Release|Any CPU
		{1781BF1E-DF55-46B8-BE3E-FF995D76329F}.Release|Any CPU.Build.0 = Release|Any CPU
		{CCA5958A-39CF-453A-A06B-A0B8D7E251A9}.Debug|Any CPU.ActiveCfg = Debug|Any CPU
		{CCA5958A-39CF-453A-A06B-A0B8D7E251A9}.Debug|Any CPU.Build.0 = Debug|Any CPU
		{CCA5958A-39CF-453A-A06B-A0B8D7E251A9}.Release|Any CPU.ActiveCfg = Release|Any CPU
		{CCA5958A-39CF-453A-A06B-A0B8D7E251A9}.Release|Any CPU.Build.0 = Release|Any CPU
		{99F32314-B41B-4817-BB3E-1C6684DF1929}.Debug|Any CPU.ActiveCfg = Debug|Any CPU
		{99F32314-B41B-4817-BB3E-1C6684DF1929}.Debug|Any CPU.Build.0 = Debug|Any CPU
		{99F32314-B41B-4817-BB3E-1C6684DF1929}.Release|Any CPU.ActiveCfg = Release|Any CPU
		{99F32314-B41B-4817-BB3E-1C6684DF1929}.Release|Any CPU.Build.0 = Release|Any CPU
	EndGlobalSection
	GlobalSection(SolutionProperties) = preSolution
		HideSolutionNode = FALSE
	EndGlobalSection
	GlobalSection(ExtensibilityGlobals) = postSolution
		SolutionGuid = {05DE522C-785A-49FC-8D13-81180EFEDC46}
	EndGlobalSection
EndGlobal
