
Microsoft Visual Studio Solution File, Format Version 12.00
# Visual Studio Version 17
VisualStudioVersion = 17.0.32112.339
MinimumVisualStudioVersion = 10.0.40219.1
Project("{9A19103F-16F7-4668-BE54-9A1E7A4F7556}") = "01_LesClasses", "01_LesClasses\01_LesClasses.csproj", "{33B6925D-85DB-473F-8562-DDB5EBD5B43C}"
EndProject
Project("{9A19103F-16F7-4668-BE54-9A1E7A4F7556}") = "02_Heritage", "02_Heritage\02_Heritage.csproj", "{188B6570-B131-487A-ABD8-158E01BD7EC2}"
EndProject
Project("{9A19103F-16F7-4668-BE54-9A1E7A4F7556}") = "03_Interfaces", "03_Interfaces\03_Interfaces.csproj", "{AC7D4184-61A6-4285-BC30-DE020CD13149}"
EndProject
Project("{9A19103F-16F7-4668-BE54-9A1E7A4F7556}") = "04_Generiques", "04_Generiques\04_Generiques.csproj", "{BE9BDB69-A7FA-4426-AF2D-A1F91E5146E5}"
EndProject
Project("{9A19103F-16F7-4668-BE54-9A1E7A4F7556}") = "05_Delegues", "05_Delegues\05_Delegues.csproj", "{A90F9403-9EEF-4285-BC11-504E71C0F732}"
EndProject
Project("{9A19103F-16F7-4668-BE54-9A1E7A4F7556}") = "06_Exceptions", "06_Exceptions\06_Exceptions.csproj", "{534CAF03-3DA2-4A63-831A-2E9364E83905}"
EndProject
Project("{FAE04EC0-301F-11D3-BF4B-00C04F79EFBC}") = "07_Extras", "07_Extras\07_Extras.csproj", "{AA5983CA-73D9-49F3-B055-221F31D0BC71}"
EndProject
Global
	GlobalSection(SolutionConfigurationPlatforms) = preSolution
		Debug|Any CPU = Debug|Any CPU
		Release|Any CPU = Release|Any CPU
	EndGlobalSection
	GlobalSection(ProjectConfigurationPlatforms) = postSolution
		{33B6925D-85DB-473F-8562-DDB5EBD5B43C}.Debug|Any CPU.ActiveCfg = Debug|Any CPU
		{33B6925D-85DB-473F-8562-DDB5EBD5B43C}.Debug|Any CPU.Build.0 = Debug|Any CPU
		{33B6925D-85DB-473F-8562-DDB5EBD5B43C}.Release|Any CPU.ActiveCfg = Release|Any CPU
		{33B6925D-85DB-473F-8562-DDB5EBD5B43C}.Release|Any CPU.Build.0 = Release|Any CPU
		{188B6570-B131-487A-ABD8-158E01BD7EC2}.Debug|Any CPU.ActiveCfg = Debug|Any CPU
		{188B6570-B131-487A-ABD8-158E01BD7EC2}.Debug|Any CPU.Build.0 = Debug|Any CPU
		{188B6570-B131-487A-ABD8-158E01BD7EC2}.Release|Any CPU.ActiveCfg = Release|Any CPU
		{188B6570-B131-487A-ABD8-158E01BD7EC2}.Release|Any CPU.Build.0 = Release|Any CPU
		{AC7D4184-61A6-4285-BC30-DE020CD13149}.Debug|Any CPU.ActiveCfg = Debug|Any CPU
		{AC7D4184-61A6-4285-BC30-DE020CD13149}.Debug|Any CPU.Build.0 = Debug|Any CPU
		{AC7D4184-61A6-4285-BC30-DE020CD13149}.Release|Any CPU.ActiveCfg = Release|Any CPU
		{AC7D4184-61A6-4285-BC30-DE020CD13149}.Release|Any CPU.Build.0 = Release|Any CPU
		{BE9BDB69-A7FA-4426-AF2D-A1F91E5146E5}.Debug|Any CPU.ActiveCfg = Debug|Any CPU
		{BE9BDB69-A7FA-4426-AF2D-A1F91E5146E5}.Debug|Any CPU.Build.0 = Debug|Any CPU
		{BE9BDB69-A7FA-4426-AF2D-A1F91E5146E5}.Release|Any CPU.ActiveCfg = Release|Any CPU
		{BE9BDB69-A7FA-4426-AF2D-A1F91E5146E5}.Release|Any CPU.Build.0 = Release|Any CPU
		{A90F9403-9EEF-4285-BC11-504E71C0F732}.Debug|Any CPU.ActiveCfg = Debug|Any CPU
		{A90F9403-9EEF-4285-BC11-504E71C0F732}.Debug|Any CPU.Build.0 = Debug|Any CPU
		{A90F9403-9EEF-4285-BC11-504E71C0F732}.Release|Any CPU.ActiveCfg = Release|Any CPU
		{A90F9403-9EEF-4285-BC11-504E71C0F732}.Release|Any CPU.Build.0 = Release|Any CPU
		{534CAF03-3DA2-4A63-831A-2E9364E83905}.Debug|Any CPU.ActiveCfg = Debug|Any CPU
		{534CAF03-3DA2-4A63-831A-2E9364E83905}.Debug|Any CPU.Build.0 = Debug|Any CPU
		{534CAF03-3DA2-4A63-831A-2E9364E83905}.Release|Any CPU.ActiveCfg = Release|Any CPU
		{534CAF03-3DA2-4A63-831A-2E9364E83905}.Release|Any CPU.Build.0 = Release|Any CPU
		{AA5983CA-73D9-49F3-B055-221F31D0BC71}.Debug|Any CPU.ActiveCfg = Debug|Any CPU
		{AA5983CA-73D9-49F3-B055-221F31D0BC71}.Debug|Any CPU.Build.0 = Debug|Any CPU
		{AA5983CA-73D9-49F3-B055-221F31D0BC71}.Release|Any CPU.ActiveCfg = Release|Any CPU
		{AA5983CA-73D9-49F3-B055-221F31D0BC71}.Release|Any CPU.Build.0 = Release|Any CPU
	EndGlobalSection
	GlobalSection(SolutionProperties) = preSolution
		HideSolutionNode = FALSE
	EndGlobalSection
	GlobalSection(ExtensibilityGlobals) = postSolution
		SolutionGuid = {FF69C2E3-A843-468C-A242-1B9B0C11B6C9}
	EndGlobalSection
EndGlobal
